
Microsoft Visual Studio Solution File, Format Version 12.00
# Visual Studio Version 16
VisualStudioVersion = 16.0.33214.272
MinimumVisualStudioVersion = 10.0.40219.1
Project("{FAE04EC0-301F-11D3-BF4B-00C04F79EFBC}") = "Mukicik2", "Mukicik2\Mukicik2.csproj", "{6439A862-9ECE-453C-87E1-2B79C2C73C14}"
EndProject
Global
	GlobalSection(SolutionConfigurationPlatforms) = preSolution
		Debug|Any CPU = Debug|Any CPU
		Release|Any CPU = Release|Any CPU
	EndGlobalSection
	GlobalSection(ProjectConfigurationPlatforms) = postSolution
		{6439A862-9ECE-453C-87E1-2B79C2C73C14}.Debug|Any CPU.ActiveCfg = Debug|Any CPU
		{6439A862-9ECE-453C-87E1-2B79C2C73C14}.Debug|Any CPU.Build.0 = Debug|Any CPU
		{6439A862-9ECE-453C-87E1-2B79C2C73C14}.Release|Any CPU.ActiveCfg = Release|Any CPU
		{6439A862-9ECE-453C-87E1-2B79C2C73C14}.Release|Any CPU.Build.0 = Release|Any CPU
	EndGlobalSection
	GlobalSection(SolutionProperties) = preSolution
		HideSolutionNode = FALSE
	EndGlobalSection
	GlobalSection(ExtensibilityGlobals) = postSolution
		SolutionGuid = {73F9A91C-5C84-4AA4-854C-EDAC1917A771}
	EndGlobalSection
EndGlobal
